
Microsoft Visual Studio Solution File, Format Version 12.00
# Visual Studio 2012
Project("{159641D6-6404-4A2A-AE62-294DE0FE8301}") = "SSIS_GQ_Reclamos", "SSIS_GQ_Reclamos\SSIS_GQ_Reclamos.dtproj", "{B9C64AF9-2F50-4B5B-A248-47A3634EDDDA}"
EndProject
Project("{D2ABAB84-BF74-430A-B69E-9DC6D40DDA17}") = "SSAS_GQ_Reclamos", "SSAS_GQ_Reclamos\SSAS_GQ_Reclamos.dwproj", "{66B95737-3962-4FA8-B763-462089E4A6DC}"
EndProject
Project("{00D1A9C2-B5F0-4AF3-8072-F6C62B433612}") = "ST_GQ_Reclamos", "ST_GQ_Reclamos\ST_GQ_Reclamos.sqlproj", "{3D5F1962-A93E-40AC-B231-862A5E40C0BC}"
EndProject
Project("{00D1A9C2-B5F0-4AF3-8072-F6C62B433612}") = "DW_GQ_Reclamos", "DW_GQ_Reclamos\DW_GQ_Reclamos.sqlproj", "{5516867B-F8BB-4203-8932-7817485C6136}"
EndProject
Global
	GlobalSection(SolutionConfigurationPlatforms) = preSolution
		Debug|Any CPU = Debug|Any CPU
		Development|Any CPU = Development|Any CPU
		Release|Any CPU = Release|Any CPU
	EndGlobalSection
	GlobalSection(ProjectConfigurationPlatforms) = postSolution
		{B9C64AF9-2F50-4B5B-A248-47A3634EDDDA}.Debug|Any CPU.ActiveCfg = Development
		{B9C64AF9-2F50-4B5B-A248-47A3634EDDDA}.Debug|Any CPU.Build.0 = Development
		{B9C64AF9-2F50-4B5B-A248-47A3634EDDDA}.Development|Any CPU.ActiveCfg = Development
		{B9C64AF9-2F50-4B5B-A248-47A3634EDDDA}.Development|Any CPU.Build.0 = Development
		{B9C64AF9-2F50-4B5B-A248-47A3634EDDDA}.Release|Any CPU.ActiveCfg = Development
		{B9C64AF9-2F50-4B5B-A248-47A3634EDDDA}.Release|Any CPU.Build.0 = Development
		{66B95737-3962-4FA8-B763-462089E4A6DC}.Debug|Any CPU.ActiveCfg = Development
		{66B95737-3962-4FA8-B763-462089E4A6DC}.Debug|Any CPU.Build.0 = Development
		{66B95737-3962-4FA8-B763-462089E4A6DC}.Debug|Any CPU.Deploy.0 = Development
		{66B95737-3962-4FA8-B763-462089E4A6DC}.Development|Any CPU.ActiveCfg = Development
		{66B95737-3962-4FA8-B763-462089E4A6DC}.Development|Any CPU.Build.0 = Development
		{66B95737-3962-4FA8-B763-462089E4A6DC}.Development|Any CPU.Deploy.0 = Development
		{66B95737-3962-4FA8-B763-462089E4A6DC}.Release|Any CPU.ActiveCfg = Development
		{66B95737-3962-4FA8-B763-462089E4A6DC}.Release|Any CPU.Build.0 = Development
		{66B95737-3962-4FA8-B763-462089E4A6DC}.Release|Any CPU.Deploy.0 = Development
		{3D5F1962-A93E-40AC-B231-862A5E40C0BC}.Debug|Any CPU.ActiveCfg = Debug|Any CPU
		{3D5F1962-A93E-40AC-B231-862A5E40C0BC}.Debug|Any CPU.Build.0 = Debug|Any CPU
		{3D5F1962-A93E-40AC-B231-862A5E40C0BC}.Debug|Any CPU.Deploy.0 = Debug|Any CPU
		{3D5F1962-A93E-40AC-B231-862A5E40C0BC}.Development|Any CPU.ActiveCfg = Debug|Any CPU
		{3D5F1962-A93E-40AC-B231-862A5E40C0BC}.Development|Any CPU.Build.0 = Debug|Any CPU
		{3D5F1962-A93E-40AC-B231-862A5E40C0BC}.Development|Any CPU.Deploy.0 = Debug|Any CPU
		{3D5F1962-A93E-40AC-B231-862A5E40C0BC}.Release|Any CPU.ActiveCfg = Release|Any CPU
		{3D5F1962-A93E-40AC-B231-862A5E40C0BC}.Release|Any CPU.Build.0 = Release|Any CPU
		{3D5F1962-A93E-40AC-B231-862A5E40C0BC}.Release|Any CPU.Deploy.0 = Release|Any CPU
		{5516867B-F8BB-4203-8932-7817485C6136}.Debug|Any CPU.ActiveCfg = Debug|Any CPU
		{5516867B-F8BB-4203-8932-7817485C6136}.Debug|Any CPU.Build.0 = Debug|Any CPU
		{5516867B-F8BB-4203-8932-7817485C6136}.Debug|Any CPU.Deploy.0 = Debug|Any CPU
		{5516867B-F8BB-4203-8932-7817485C6136}.Development|Any CPU.ActiveCfg = Debug|Any CPU
		{5516867B-F8BB-4203-8932-7817485C6136}.Development|Any CPU.Build.0 = Debug|Any CPU
		{5516867B-F8BB-4203-8932-7817485C6136}.Development|Any CPU.Deploy.0 = Debug|Any CPU
		{5516867B-F8BB-4203-8932-7817485C6136}.Release|Any CPU.ActiveCfg = Release|Any CPU
		{5516867B-F8BB-4203-8932-7817485C6136}.Release|Any CPU.Build.0 = Release|Any CPU
		{5516867B-F8BB-4203-8932-7817485C6136}.Release|Any CPU.Deploy.0 = Release|Any CPU
	EndGlobalSection
	GlobalSection(SolutionProperties) = preSolution
		HideSolutionNode = FALSE
	EndGlobalSection
EndGlobal
